
Microsoft Visual Studio Solution File, Format Version 12.00
# Visual Studio 15
VisualStudioVersion = 15.0.28307.102
MinimumVisualStudioVersion = 10.0.40219.1
Project("{FAE04EC0-301F-11D3-BF4B-00C04F79EFBC}") = "S01E02_WinningNumbersGenerator", "S01E02_WinningNumbersGenerator\S01E02_WinningNumbersGenerator.csproj", "{93D3CA47-A2A3-4C18-A70F-CDE15E5F4F6F}"
EndProject
Global
	GlobalSection(SolutionConfigurationPlatforms) = preSolution
		Debug|Any CPU = Debug|Any CPU
		Release|Any CPU = Release|Any CPU
	EndGlobalSection
	GlobalSection(ProjectConfigurationPlatforms) = postSolution
		{93D3CA47-A2A3-4C18-A70F-CDE15E5F4F6F}.Debug|Any CPU.ActiveCfg = Debug|Any CPU
		{93D3CA47-A2A3-4C18-A70F-CDE15E5F4F6F}.Debug|Any CPU.Build.0 = Debug|Any CPU
		{93D3CA47-A2A3-4C18-A70F-CDE15E5F4F6F}.Release|Any CPU.ActiveCfg = Release|Any CPU
		{93D3CA47-A2A3-4C18-A70F-CDE15E5F4F6F}.Release|Any CPU.Build.0 = Release|Any CPU
	EndGlobalSection
	GlobalSection(SolutionProperties) = preSolution
		HideSolutionNode = FALSE
	EndGlobalSection
	GlobalSection(ExtensibilityGlobals) = postSolution
		SolutionGuid = {73D3F577-106C-41D0-8266-E017E8ADB7C5}
	EndGlobalSection
EndGlobal
